
Microsoft Visual Studio Solution File, Format Version 12.00
# Visual Studio Version 18
VisualStudioVersion = 18.0.11121.172 d18.0
MinimumVisualStudioVersion = 10.0.40219.1
Project("{9A19103F-16F7-4668-BE54-9A1E7A4F7556}") = "Prowl.Runtime", "Prowl.Runtime\Prowl.Runtime.csproj", "{863FF67B-9C3F-4E5E-9353-AD88CD9F77D2}"
EndProject
Project("{9A19103F-16F7-4668-BE54-9A1E7A4F7556}") = "Prowl.Runtime.Test", "Prowl.Runtime.Test\Prowl.Runtime.Test.csproj", "{1255E3CE-2675-41C1-89B4-877DCB1EBEA0}"
EndProject
Project("{2150E333-8FDC-42A3-9474-1A3956D46DE8}") = "Samples", "Samples", "{02EA681E-C7D8-13C7-8484-4AC65E1B71E8}"
EndProject
Project("{FAE04EC0-301F-11D3-BF4B-00C04F79EFBC}") = "SimpleCube", "Samples\SimpleCube\SimpleCube.csproj", "{7EE7D3F1-DE8D-4532-A810-A093D423AEAB}"
EndProject
Project("{FAE04EC0-301F-11D3-BF4B-00C04F79EFBC}") = "PhysicsCubes", "Samples\PhysicsCubes\PhysicsCubes.csproj", "{A1B2C3D4-E5F6-7890-ABCD-EF1234567890}"
EndProject
Project("{FAE04EC0-301F-11D3-BF4B-00C04F79EFBC}") = "VoxelEngine", "Samples\VoxelEngine\VoxelEngine.csproj", "{FC5AF18E-169D-4BE0-ABE6-9F7D86EB03A0}"
EndProject
Project("{FAE04EC0-301F-11D3-BF4B-00C04F79EFBC}") = "ShapeCastDemo", "Samples\ShapeCastDemo\ShapeCastDemo.csproj", "{4910901A-38FC-4B92-9AF5-71487BD388FD}"
EndProject
Project("{FAE04EC0-301F-11D3-BF4B-00C04F79EFBC}") = "LifecycleTest", "Samples\LifecycleTest\LifecycleTest.csproj", "{B5C6D7E8-F9A0-1234-5678-9ABCDEF01234}"
EndProject
Project("{FAE04EC0-301F-11D3-BF4B-00C04F79EFBC}") = "AudioDemo", "Samples\AudioDemo\AudioDemo.csproj", "{D1E2F3A4-B5C6-7890-1234-567890ABCDEF}"
EndProject
Project("{FAE04EC0-301F-11D3-BF4B-00C04F79EFBC}") = "FlyCamera", "Samples\FlyCamera\FlyCamera.csproj", "{E8F9A0B1-C2D3-4E5F-6789-0ABCDEF12345}"
EndProject
Project("{FAE04EC0-301F-11D3-BF4B-00C04F79EFBC}") = "CarPhysicsDemo", "Samples\CarPhysicsDemo\CarPhysicsDemo.csproj", "{F1A2B3C4-D5E6-7890-1234-56789ABCDEF0}"
EndProject
Project("{FAE04EC0-301F-11D3-BF4B-00C04F79EFBC}") = "PhysicsTesterDemo", "Samples\PhysicsTesterDemo\PhysicsTesterDemo.csproj", "{A2B3C4D5-E6F7-8901-2345-6789ABCDEF01}"
EndProject
Project("{FAE04EC0-301F-11D3-BF4B-00C04F79EFBC}") = "BananaMan", "Samples\BananaMan\BananaMan.csproj", "{D2CC697D-D8B6-4F89-9D66-9DE9749D266E}"
EndProject
Project("{FAE04EC0-301F-11D3-BF4B-00C04F79EFBC}") = "Prowl.Editor", "Prowl.Editor\Prowl.Editor.csproj", "{B1A2C3D4-E5F6-7890-ABCD-EDITOR000001}"
EndProject
Global
	GlobalSection(SolutionConfigurationPlatforms) = preSolution
		Debug|Any CPU = Debug|Any CPU
		Debug|x64 = Debug|x64
		Debug|x86 = Debug|x86
		Release|Any CPU = Release|Any CPU
		Release|x64 = Release|x64
		Release|x86 = Release|x86
	EndGlobalSection
	GlobalSection(ProjectConfigurationPlatforms) = postSolution
		{863FF67B-9C3F-4E5E-9353-AD88CD9F77D2}.Debug|Any CPU.ActiveCfg = Debug|Any CPU
		{863FF67B-9C3F-4E5E-9353-AD88CD9F77D2}.Debug|Any CPU.Build.0 = Debug|Any CPU
		{863FF67B-9C3F-4E5E-9353-AD88CD9F77D2}.Debug|x64.ActiveCfg = Debug|Any CPU
		{863FF67B-9C3F-4E5E-9353-AD88CD9F77D2}.Debug|x64.Build.0 = Debug|Any CPU
		{863FF67B-9C3F-4E5E-9353-AD88CD9F77D2}.Debug|x86.ActiveCfg = Debug|Any CPU
		{863FF67B-9C3F-4E5E-9353-AD88CD9F77D2}.Debug|x86.Build.0 = Debug|Any CPU
		{863FF67B-9C3F-4E5E-9353-AD88CD9F77D2}.Release|Any CPU.ActiveCfg = Release|Any CPU
		{863FF67B-9C3F-4E5E-9353-AD88CD9F77D2}.Release|Any CPU.Build.0 = Release|Any CPU
		{863FF67B-9C3F-4E5E-9353-AD88CD9F77D2}.Release|x64.ActiveCfg = Release|Any CPU
		{863FF67B-9C3F-4E5E-9353-AD88CD9F77D2}.Release|x64.Build.0 = Release|Any CPU
		{863FF67B-9C3F-4E5E-9353-AD88CD9F77D2}.Release|x86.ActiveCfg = Release|Any CPU
		{863FF67B-9C3F-4E5E-9353-AD88CD9F77D2}.Release|x86.Build.0 = Release|Any CPU
		{1255E3CE-2675-41C1-89B4-877DCB1EBEA0}.Debug|Any CPU.ActiveCfg = Debug|Any CPU
		{1255E3CE-2675-41C1-89B4-877DCB1EBEA0}.Debug|Any CPU.Build.0 = Debug|Any CPU
		{1255E3CE-2675-41C1-89B4-877DCB1EBEA0}.Debug|x64.ActiveCfg = Debug|Any CPU
		{1255E3CE-2675-41C1-89B4-877DCB1EBEA0}.Debug|x64.Build.0 = Debug|Any CPU
		{1255E3CE-2675-41C1-89B4-877DCB1EBEA0}.Debug|x86.ActiveCfg = Debug|Any CPU
		{1255E3CE-2675-41C1-89B4-877DCB1EBEA0}.Debug|x86.Build.0 = Debug|Any CPU
		{1255E3CE-2675-41C1-89B4-877DCB1EBEA0}.Release|Any CPU.ActiveCfg = Release|Any CPU
		{1255E3CE-2675-41C1-89B4-877DCB1EBEA0}.Release|Any CPU.Build.0 = Release|Any CPU
		{1255E3CE-2675-41C1-89B4-877DCB1EBEA0}.Release|x64.ActiveCfg = Release|Any CPU
		{1255E3CE-2675-41C1-89B4-877DCB1EBEA0}.Release|x64.Build.0 = Release|Any CPU
		{1255E3CE-2675-41C1-89B4-877DCB1EBEA0}.Release|x86.ActiveCfg = Release|Any CPU
		{1255E3CE-2675-41C1-89B4-877DCB1EBEA0}.Release|x86.Build.0 = Release|Any CPU
		{7EE7D3F1-DE8D-4532-A810-A093D423AEAB}.Debug|Any CPU.ActiveCfg = Debug|Any CPU
		{7EE7D3F1-DE8D-4532-A810-A093D423AEAB}.Debug|Any CPU.Build.0 = Debug|Any CPU
		{7EE7D3F1-DE8D-4532-A810-A093D423AEAB}.Debug|x64.ActiveCfg = Debug|Any CPU
		{7EE7D3F1-DE8D-4532-A810-A093D423AEAB}.Debug|x64.Build.0 = Debug|Any CPU
		{7EE7D3F1-DE8D-4532-A810-A093D423AEAB}.Debug|x86.ActiveCfg = Debug|Any CPU
		{7EE7D3F1-DE8D-4532-A810-A093D423AEAB}.Debug|x86.Build.0 = Debug|Any CPU
		{7EE7D3F1-DE8D-4532-A810-A093D423AEAB}.Release|Any CPU.ActiveCfg = Release|Any CPU
		{7EE7D3F1-DE8D-4532-A810-A093D423AEAB}.Release|Any CPU.Build.0 = Release|Any CPU
		{7EE7D3F1-DE8D-4532-A810-A093D423AEAB}.Release|x64.ActiveCfg = Release|Any CPU
		{7EE7D3F1-DE8D-4532-A810-A093D423AEAB}.Release|x64.Build.0 = Release|Any CPU
		{7EE7D3F1-DE8D-4532-A810-A093D423AEAB}.Release|x86.ActiveCfg = Release|Any CPU
		{7EE7D3F1-DE8D-4532-A810-A093D423AEAB}.Release|x86.Build.0 = Release|Any CPU
		{A1B2C3D4-E5F6-7890-ABCD-EF1234567890}.Debug|Any CPU.ActiveCfg = Debug|Any CPU
		{A1B2C3D4-E5F6-7890-ABCD-EF1234567890}.Debug|Any CPU.Build.0 = Debug|Any CPU
		{A1B2C3D4-E5F6-7890-ABCD-EF1234567890}.Debug|x64.ActiveCfg = Debug|Any CPU
		{A1B2C3D4-E5F6-7890-ABCD-EF1234567890}.Debug|x64.Build.0 = Debug|Any CPU
		{A1B2C3D4-E5F6-7890-ABCD-EF1234567890}.Debug|x86.ActiveCfg = Debug|Any CPU
		{A1B2C3D4-E5F6-7890-ABCD-EF1234567890}.Debug|x86.Build.0 = Debug|Any CPU
		{A1B2C3D4-E5F6-7890-ABCD-EF1234567890}.Release|Any CPU.ActiveCfg = Release|Any CPU
		{A1B2C3D4-E5F6-7890-ABCD-EF1234567890}.Release|Any CPU.Build.0 = Release|Any CPU
		{A1B2C3D4-E5F6-7890-ABCD-EF1234567890}.Release|x64.ActiveCfg = Release|Any CPU
		{A1B2C3D4-E5F6-7890-ABCD-EF1234567890}.Release|x64.Build.0 = Release|Any CPU
		{A1B2C3D4-E5F6-7890-ABCD-EF1234567890}.Release|x86.ActiveCfg = Release|Any CPU
		{A1B2C3D4-E5F6-7890-ABCD-EF1234567890}.Release|x86.Build.0 = Release|Any CPU
		{FC5AF18E-169D-4BE0-ABE6-9F7D86EB03A0}.Debug|Any CPU.ActiveCfg = Debug|Any CPU
		{FC5AF18E-169D-4BE0-ABE6-9F7D86EB03A0}.Debug|Any CPU.Build.0 = Debug|Any CPU
		{FC5AF18E-169D-4BE0-ABE6-9F7D86EB03A0}.Debug|x64.ActiveCfg = Debug|Any CPU
		{FC5AF18E-169D-4BE0-ABE6-9F7D86EB03A0}.Debug|x64.Build.0 = Debug|Any CPU
		{FC5AF18E-169D-4BE0-ABE6-9F7D86EB03A0}.Debug|x86.ActiveCfg = Debug|Any CPU
		{FC5AF18E-169D-4BE0-ABE6-9F7D86EB03A0}.Debug|x86.Build.0 = Debug|Any CPU
		{FC5AF18E-169D-4BE0-ABE6-9F7D86EB03A0}.Release|Any CPU.ActiveCfg = Release|Any CPU
		{FC5AF18E-169D-4BE0-ABE6-9F7D86EB03A0}.Release|Any CPU.Build.0 = Release|Any CPU
		{FC5AF18E-169D-4BE0-ABE6-9F7D86EB03A0}.Release|x64.ActiveCfg = Release|Any CPU
		{FC5AF18E-169D-4BE0-ABE6-9F7D86EB03A0}.Release|x64.Build.0 = Release|Any CPU
		{FC5AF18E-169D-4BE0-ABE6-9F7D86EB03A0}.Release|x86.ActiveCfg = Release|Any CPU
		{FC5AF18E-169D-4BE0-ABE6-9F7D86EB03A0}.Release|x86.Build.0 = Release|Any CPU
		{4910901A-38FC-4B92-9AF5-71487BD388FD}.Debug|Any CPU.ActiveCfg = Debug|Any CPU
		{4910901A-38FC-4B92-9AF5-71487BD388FD}.Debug|Any CPU.Build.0 = Debug|Any CPU
		{4910901A-38FC-4B92-9AF5-71487BD388FD}.Debug|x64.ActiveCfg = Debug|Any CPU
		{4910901A-38FC-4B92-9AF5-71487BD388FD}.Debug|x64.Build.0 = Debug|Any CPU
		{4910901A-38FC-4B92-9AF5-71487BD388FD}.Debug|x86.ActiveCfg = Debug|Any CPU
		{4910901A-38FC-4B92-9AF5-71487BD388FD}.Debug|x86.Build.0 = Debug|Any CPU
		{4910901A-38FC-4B92-9AF5-71487BD388FD}.Release|Any CPU.ActiveCfg = Release|Any CPU
		{4910901A-38FC-4B92-9AF5-71487BD388FD}.Release|Any CPU.Build.0 = Release|Any CPU
		{4910901A-38FC-4B92-9AF5-71487BD388FD}.Release|x64.ActiveCfg = Release|Any CPU
		{4910901A-38FC-4B92-9AF5-71487BD388FD}.Release|x64.Build.0 = Release|Any CPU
		{4910901A-38FC-4B92-9AF5-71487BD388FD}.Release|x86.ActiveCfg = Release|Any CPU
		{4910901A-38FC-4B92-9AF5-71487BD388FD}.Release|x86.Build.0 = Release|Any CPU
		{B5C6D7E8-F9A0-1234-5678-9ABCDEF01234}.Debug|Any CPU.ActiveCfg = Debug|Any CPU
		{B5C6D7E8-F9A0-1234-5678-9ABCDEF01234}.Debug|Any CPU.Build.0 = Debug|Any CPU
		{B5C6D7E8-F9A0-1234-5678-9ABCDEF01234}.Debug|x64.ActiveCfg = Debug|Any CPU
		{B5C6D7E8-F9A0-1234-5678-9ABCDEF01234}.Debug|x64.Build.0 = Debug|Any CPU
		{B5C6D7E8-F9A0-1234-5678-9ABCDEF01234}.Debug|x86.ActiveCfg = Debug|Any CPU
		{B5C6D7E8-F9A0-1234-5678-9ABCDEF01234}.Debug|x86.Build.0 = Debug|Any CPU
		{B5C6D7E8-F9A0-1234-5678-9ABCDEF01234}.Release|Any CPU.ActiveCfg = Release|Any CPU
		{B5C6D7E8-F9A0-1234-5678-9ABCDEF01234}.Release|Any CPU.Build.0 = Release|Any CPU
		{B5C6D7E8-F9A0-1234-5678-9ABCDEF01234}.Release|x64.ActiveCfg = Release|Any CPU
		{B5C6D7E8-F9A0-1234-5678-9ABCDEF01234}.Release|x64.Build.0 = Release|Any CPU
		{B5C6D7E8-F9A0-1234-5678-9ABCDEF01234}.Release|x86.ActiveCfg = Release|Any CPU
		{B5C6D7E8-F9A0-1234-5678-9ABCDEF01234}.Release|x86.Build.0 = Release|Any CPU
		{D1E2F3A4-B5C6-7890-1234-567890ABCDEF}.Debug|Any CPU.ActiveCfg = Debug|Any CPU
		{D1E2F3A4-B5C6-7890-1234-567890ABCDEF}.Debug|Any CPU.Build.0 = Debug|Any CPU
		{D1E2F3A4-B5C6-7890-1234-567890ABCDEF}.Debug|x64.ActiveCfg = Debug|Any CPU
		{D1E2F3A4-B5C6-7890-1234-567890ABCDEF}.Debug|x64.Build.0 = Debug|Any CPU
		{D1E2F3A4-B5C6-7890-1234-567890ABCDEF}.Debug|x86.ActiveCfg = Debug|Any CPU
		{D1E2F3A4-B5C6-7890-1234-567890ABCDEF}.Debug|x86.Build.0 = Debug|Any CPU
		{D1E2F3A4-B5C6-7890-1234-567890ABCDEF}.Release|Any CPU.ActiveCfg = Release|Any CPU
		{D1E2F3A4-B5C6-7890-1234-567890ABCDEF}.Release|Any CPU.Build.0 = Release|Any CPU
		{D1E2F3A4-B5C6-7890-1234-567890ABCDEF}.Release|x64.ActiveCfg = Release|Any CPU
		{D1E2F3A4-B5C6-7890-1234-567890ABCDEF}.Release|x64.Build.0 = Release|Any CPU
		{D1E2F3A4-B5C6-7890-1234-567890ABCDEF}.Release|x86.ActiveCfg = Release|Any CPU
		{D1E2F3A4-B5C6-7890-1234-567890ABCDEF}.Release|x86.Build.0 = Release|Any CPU
		{E8F9A0B1-C2D3-4E5F-6789-0ABCDEF12345}.Debug|Any CPU.ActiveCfg = Debug|Any CPU
		{E8F9A0B1-C2D3-4E5F-6789-0ABCDEF12345}.Debug|Any CPU.Build.0 = Debug|Any CPU
		{E8F9A0B1-C2D3-4E5F-6789-0ABCDEF12345}.Debug|x64.ActiveCfg = Debug|Any CPU
		{E8F9A0B1-C2D3-4E5F-6789-0ABCDEF12345}.Debug|x64.Build.0 = Debug|Any CPU
		{E8F9A0B1-C2D3-4E5F-6789-0ABCDEF12345}.Debug|x86.ActiveCfg = Debug|Any CPU
		{E8F9A0B1-C2D3-4E5F-6789-0ABCDEF12345}.Debug|x86.Build.0 = Debug|Any CPU
		{E8F9A0B1-C2D3-4E5F-6789-0ABCDEF12345}.Release|Any CPU.ActiveCfg = Release|Any CPU
		{E8F9A0B1-C2D3-4E5F-6789-0ABCDEF12345}.Release|Any CPU.Build.0 = Release|Any CPU
		{E8F9A0B1-C2D3-4E5F-6789-0ABCDEF12345}.Release|x64.ActiveCfg = Release|Any CPU
		{E8F9A0B1-C2D3-4E5F-6789-0ABCDEF12345}.Release|x64.Build.0 = Release|Any CPU
		{E8F9A0B1-C2D3-4E5F-6789-0ABCDEF12345}.Release|x86.ActiveCfg = Release|Any CPU
		{E8F9A0B1-C2D3-4E5F-6789-0ABCDEF12345}.Release|x86.Build.0 = Release|Any CPU
		{F1A2B3C4-D5E6-7890-1234-56789ABCDEF0}.Debug|Any CPU.ActiveCfg = Debug|Any CPU
		{F1A2B3C4-D5E6-7890-1234-56789ABCDEF0}.Debug|Any CPU.Build.0 = Debug|Any CPU
		{F1A2B3C4-D5E6-7890-1234-56789ABCDEF0}.Debug|x64.ActiveCfg = Debug|Any CPU
		{F1A2B3C4-D5E6-7890-1234-56789ABCDEF0}.Debug|x64.Build.0 = Debug|Any CPU
		{F1A2B3C4-D5E6-7890-1234-56789ABCDEF0}.Debug|x86.ActiveCfg = Debug|Any CPU
		{F1A2B3C4-D5E6-7890-1234-56789ABCDEF0}.Debug|x86.Build.0 = Debug|Any CPU
		{F1A2B3C4-D5E6-7890-1234-56789ABCDEF0}.Release|Any CPU.ActiveCfg = Release|Any CPU
		{F1A2B3C4-D5E6-7890-1234-56789ABCDEF0}.Release|Any CPU.Build.0 = Release|Any CPU
		{F1A2B3C4-D5E6-7890-1234-56789ABCDEF0}.Release|x64.ActiveCfg = Release|Any CPU
		{F1A2B3C4-D5E6-7890-1234-56789ABCDEF0}.Release|x64.Build.0 = Release|Any CPU
		{F1A2B3C4-D5E6-7890-1234-56789ABCDEF0}.Release|x86.ActiveCfg = Release|Any CPU
		{F1A2B3C4-D5E6-7890-1234-56789ABCDEF0}.Release|x86.Build.0 = Release|Any CPU
		{A2B3C4D5-E6F7-8901-2345-6789ABCDEF01}.Debug|Any CPU.ActiveCfg = Debug|Any CPU
		{A2B3C4D5-E6F7-8901-2345-6789ABCDEF01}.Debug|Any CPU.Build.0 = Debug|Any CPU
		{A2B3C4D5-E6F7-8901-2345-6789ABCDEF01}.Debug|x64.ActiveCfg = Debug|Any CPU
		{A2B3C4D5-E6F7-8901-2345-6789ABCDEF01}.Debug|x64.Build.0 = Debug|Any CPU
		{A2B3C4D5-E6F7-8901-2345-6789ABCDEF01}.Debug|x86.ActiveCfg = Debug|Any CPU
		{A2B3C4D5-E6F7-8901-2345-6789ABCDEF01}.Debug|x86.Build.0 = Debug|Any CPU
		{A2B3C4D5-E6F7-8901-2345-6789ABCDEF01}.Release|Any CPU.ActiveCfg = Release|Any CPU
		{A2B3C4D5-E6F7-8901-2345-6789ABCDEF01}.Release|Any CPU.Build.0 = Release|Any CPU
		{A2B3C4D5-E6F7-8901-2345-6789ABCDEF01}.Release|x64.ActiveCfg = Release|Any CPU
		{A2B3C4D5-E6F7-8901-2345-6789ABCDEF01}.Release|x64.Build.0 = Release|Any CPU
		{A2B3C4D5-E6F7-8901-2345-6789ABCDEF01}.Release|x86.ActiveCfg = Release|Any CPU
		{A2B3C4D5-E6F7-8901-2345-6789ABCDEF01}.Release|x86.Build.0 = Release|Any CPU
		{D2CC697D-D8B6-4F89-9D66-9DE9749D266E}.Debug|Any CPU.ActiveCfg = Debug|Any CPU
		{D2CC697D-D8B6-4F89-9D66-9DE9749D266E}.Debug|Any CPU.Build.0 = Debug|Any CPU
		{D2CC697D-D8B6-4F89-9D66-9DE9749D266E}.Debug|x64.ActiveCfg = Debug|Any CPU
		{D2CC697D-D8B6-4F89-9D66-9DE9749D266E}.Debug|x64.Build.0 = Debug|Any CPU
		{D2CC697D-D8B6-4F89-9D66-9DE9749D266E}.Debug|x86.ActiveCfg = Debug|Any CPU
		{D2CC697D-D8B6-4F89-9D66-9DE9749D266E}.Debug|x86.Build.0 = Debug|Any CPU
		{D2CC697D-D8B6-4F89-9D66-9DE9749D266E}.Release|Any CPU.ActiveCfg = Release|Any CPU
		{D2CC697D-D8B6-4F89-9D66-9DE9749D266E}.Release|Any CPU.Build.0 = Release|Any CPU
		{D2CC697D-D8B6-4F89-9D66-9DE9749D266E}.Release|x64.ActiveCfg = Release|Any CPU
		{D2CC697D-D8B6-4F89-9D66-9DE9749D266E}.Release|x64.Build.0 = Release|Any CPU
		{D2CC697D-D8B6-4F89-9D66-9DE9749D266E}.Release|x86.ActiveCfg = Release|Any CPU
		{D2CC697D-D8B6-4F89-9D66-9DE9749D266E}.Release|x86.Build.0 = Release|Any CPU
		{B1A2C3D4-E5F6-7890-ABCD-EDITOR000001}.Debug|Any CPU.ActiveCfg = Debug|Any CPU
		{B1A2C3D4-E5F6-7890-ABCD-EDITOR000001}.Debug|Any CPU.Build.0 = Debug|Any CPU
		{B1A2C3D4-E5F6-7890-ABCD-EDITOR000001}.Debug|x64.ActiveCfg = Debug|Any CPU
		{B1A2C3D4-E5F6-7890-ABCD-EDITOR000001}.Debug|x64.Build.0 = Debug|Any CPU
		{B1A2C3D4-E5F6-7890-ABCD-EDITOR000001}.Debug|x86.ActiveCfg = Debug|Any CPU
		{B1A2C3D4-E5F6-7890-ABCD-EDITOR000001}.Debug|x86.Build.0 = Debug|Any CPU
		{B1A2C3D4-E5F6-7890-ABCD-EDITOR000001}.Release|Any CPU.ActiveCfg = Release|Any CPU
		{B1A2C3D4-E5F6-7890-ABCD-EDITOR000001}.Release|Any CPU.Build.0 = Release|Any CPU
		{B1A2C3D4-E5F6-7890-ABCD-EDITOR000001}.Release|x64.ActiveCfg = Release|Any CPU
		{B1A2C3D4-E5F6-7890-ABCD-EDITOR000001}.Release|x64.Build.0 = Release|Any CPU
		{B1A2C3D4-E5F6-7890-ABCD-EDITOR000001}.Release|x86.ActiveCfg = Release|Any CPU
		{B1A2C3D4-E5F6-7890-ABCD-EDITOR000001}.Release|x86.Build.0 = Release|Any CPU
	EndGlobalSection
	GlobalSection(SolutionProperties) = preSolution
		HideSolutionNode = FALSE
	EndGlobalSection
	GlobalSection(NestedProjects) = preSolution
		{7EE7D3F1-DE8D-4532-A810-A093D423AEAB} = {02EA681E-C7D8-13C7-8484-4AC65E1B71E8}
		{A1B2C3D4-E5F6-7890-ABCD-EF1234567890} = {02EA681E-C7D8-13C7-8484-4AC65E1B71E8}
		{FC5AF18E-169D-4BE0-ABE6-9F7D86EB03A0} = {02EA681E-C7D8-13C7-8484-4AC65E1B71E8}
		{4910901A-38FC-4B92-9AF5-71487BD388FD} = {02EA681E-C7D8-13C7-8484-4AC65E1B71E8}
		{B5C6D7E8-F9A0-1234-5678-9ABCDEF01234} = {02EA681E-C7D8-13C7-8484-4AC65E1B71E8}
		{D1E2F3A4-B5C6-7890-1234-567890ABCDEF} = {02EA681E-C7D8-13C7-8484-4AC65E1B71E8}
		{E8F9A0B1-C2D3-4E5F-6789-0ABCDEF12345} = {02EA681E-C7D8-13C7-8484-4AC65E1B71E8}
		{F1A2B3C4-D5E6-7890-1234-56789ABCDEF0} = {02EA681E-C7D8-13C7-8484-4AC65E1B71E8}
		{A2B3C4D5-E6F7-8901-2345-6789ABCDEF01} = {02EA681E-C7D8-13C7-8484-4AC65E1B71E8}
		{D2CC697D-D8B6-4F89-9D66-9DE9749D266E} = {02EA681E-C7D8-13C7-8484-4AC65E1B71E8}
	EndGlobalSection
	GlobalSection(ExtensibilityGlobals) = postSolution
		SolutionGuid = {40438D96-37C1-4E32-A936-74E5406FDE5B}
	EndGlobalSection
EndGlobal
