<Solution>
  <Configurations>
    <Platform Name="Any CPU" />
    <Platform Name="x64" />
    <Platform Name="x86" />
  </Configurations>
  <Folder Name="/Players/" />
  <Folder Name="/Players/Desktop/">
    <Project Path="Players/Desktop/Prowl.Player.Desktop.csproj" />
  </Folder>
  <Folder Name="/Samples/" />
  <Folder Name="/Samples/Runtime/">
    <Project Path="Samples/Runtime/HelloProwl/HelloProwl.csproj" />
    <Project Path="Samples/Runtime/ManyLights/ManyLights.csproj" />
    <Project Path="Samples/Runtime/ControllerShowcase/ControllerShowcase.csproj" />
    <Project Path="Samples/Runtime/ParticleShowcase/ParticleShowcase.csproj" />
    <Project Path="Samples/Runtime/PhysicsShowcase/PhysicsShowcase.csproj" />
    <Project Path="Samples/Runtime/RenderingShowcase/RenderingShowcase.csproj" />
    <Project Path="Samples/Runtime/ScriptingShowcase/ScriptingShowcase.csproj" />
    <Project Path="Samples/Runtime/VehicleShowcase/VehicleShowcase.csproj" />
    <Project Path="Samples/Runtime/VRBasics/VRBasics.csproj" />
    <Project Path="Samples/Runtime/VRShowcase/VRShowcase.csproj" />
  </Folder>
  <Project Path="Prowl.Analyzers/Prowl.Analyzers.csproj" />
  <Project Path="Prowl.Cli/Prowl.Cli.csproj" />
  <Project Path="Prowl.Editor.Test/Prowl.Editor.Test.csproj" />
  <Project Path="Prowl.Editor/Prowl.Editor.csproj" />
  <Project Path="Prowl.Runtime.Test/Prowl.Runtime.Test.csproj" />
  <Project Path="Prowl.Runtime/Prowl.Runtime.csproj" />
</Solution>
