
Microsoft Visual Studio Solution File, Format Version 12.00
# Visual Studio Version 17
VisualStudioVersion = 17.5.33516.290
MinimumVisualStudioVersion = 10.0.40219.1
Project("{9A19103F-16F7-4668-BE54-9A1E7A4F7556}") = "Prowl.Runtime", "Prowl.Runtime\Prowl.Runtime.csproj", "{863FF67B-9C3F-4E5E-9353-AD88CD9F77D2}"
EndProject
Project("{9A19103F-16F7-4668-BE54-9A1E7A4F7556}") = "Prowl.Editor", "Prowl.Editor\Prowl.Editor.csproj", "{E4AE33B5-5632-4817-8081-2D9469E3471E}"
	ProjectSection(ProjectDependencies) = postProject
		{780A7012-0470-4D84-B83D-D79F83DEDA82} = {780A7012-0470-4D84-B83D-D79F83DEDA82}
	EndProjectSection
EndProject
Project("{9A19103F-16F7-4668-BE54-9A1E7A4F7556}") = "Prowl.Desktop", "Prowl.Players\Prowl.Desktop\Prowl.Desktop.csproj", "{780A7012-0470-4D84-B83D-D79F83DEDA82}"
EndProject
Project("{2150E333-8FDC-42A3-9474-1A3956D46DE8}") = "Players", "Players", "{2048882C-141A-45A3-A641-4962C6BDA6D9}"
EndProject
Project("{2150E333-8FDC-42A3-9474-1A3956D46DE8}") = "External", "External", "{E30FEF13-DE3F-4F44-AF21-2F292041F7E6}"
EndProject
Project("{2150E333-8FDC-42A3-9474-1A3956D46DE8}") = "Veldrid", "Veldrid", "{41148D1B-D3BF-4673-B79B-BF96DC5F6A87}"
EndProject
Project("{9A19103F-16F7-4668-BE54-9A1E7A4F7556}") = "Veldrid", "External\Prowl.Veldrid\src\Veldrid\Veldrid.csproj", "{2BC3AEBD-9B0D-42AD-ABDC-EA8A551800DE}"
EndProject
Project("{9A19103F-16F7-4668-BE54-9A1E7A4F7556}") = "Veldrid.MetalBindings", "External\Prowl.Veldrid\src\Veldrid.MetalBindings\Veldrid.MetalBindings.csproj", "{4BAFE67C-7448-4990-9284-250E7768816C}"
EndProject
Project("{9A19103F-16F7-4668-BE54-9A1E7A4F7556}") = "Veldrid.OpenGLBindings", "External\Prowl.Veldrid\src\Veldrid.OpenGLBindings\Veldrid.OpenGLBindings.csproj", "{E56A5A04-717A-4F86-9131-CB2DCF140AC6}"
EndProject
Project("{9A19103F-16F7-4668-BE54-9A1E7A4F7556}") = "Veldrid.SDL2", "External\Prowl.Veldrid\src\Veldrid.SDL2\Veldrid.SDL2.csproj", "{46AB68EB-2169-4331-AA61-6AAF8B0A3265}"
EndProject
Project("{9A19103F-16F7-4668-BE54-9A1E7A4F7556}") = "Veldrid.StartupUtilities", "External\Prowl.Veldrid\src\Veldrid.StartupUtilities\Veldrid.StartupUtilities.csproj", "{254969BF-FADA-4DEA-B6EC-4B0E222BFFE4}"
EndProject
Project("{9A19103F-16F7-4668-BE54-9A1E7A4F7556}") = "Prowl.Runtime.Test", "Prowl.Runtime.Test\Prowl.Runtime.Test.csproj", "{1255E3CE-2675-41C1-89B4-877DCB1EBEA0}"
EndProject
Project("{2150E333-8FDC-42A3-9474-1A3956D46DE8}") = "HeapDumper", "HeapDumper", "{66482A69-CED8-4204-8204-7DDB36CFF981}"
EndProject
Global
	GlobalSection(SolutionConfigurationPlatforms) = preSolution
		Debug|Any CPU = Debug|Any CPU
		Release|Any CPU = Release|Any CPU
	EndGlobalSection
	GlobalSection(ProjectConfigurationPlatforms) = postSolution
		{863FF67B-9C3F-4E5E-9353-AD88CD9F77D2}.Debug|Any CPU.ActiveCfg = Debug|Any CPU
		{863FF67B-9C3F-4E5E-9353-AD88CD9F77D2}.Debug|Any CPU.Build.0 = Debug|Any CPU
		{863FF67B-9C3F-4E5E-9353-AD88CD9F77D2}.Release|Any CPU.ActiveCfg = Release|Any CPU
		{863FF67B-9C3F-4E5E-9353-AD88CD9F77D2}.Release|Any CPU.Build.0 = Release|Any CPU
		{E4AE33B5-5632-4817-8081-2D9469E3471E}.Debug|Any CPU.ActiveCfg = Debug|Any CPU
		{E4AE33B5-5632-4817-8081-2D9469E3471E}.Debug|Any CPU.Build.0 = Debug|Any CPU
		{E4AE33B5-5632-4817-8081-2D9469E3471E}.Release|Any CPU.ActiveCfg = Release|Any CPU
		{E4AE33B5-5632-4817-8081-2D9469E3471E}.Release|Any CPU.Build.0 = Release|Any CPU
		{780A7012-0470-4D84-B83D-D79F83DEDA82}.Debug|Any CPU.ActiveCfg = Debug|Any CPU
		{780A7012-0470-4D84-B83D-D79F83DEDA82}.Debug|Any CPU.Build.0 = Debug|Any CPU
		{780A7012-0470-4D84-B83D-D79F83DEDA82}.Release|Any CPU.ActiveCfg = Release|Any CPU
		{780A7012-0470-4D84-B83D-D79F83DEDA82}.Release|Any CPU.Build.0 = Release|Any CPU
		{2BC3AEBD-9B0D-42AD-ABDC-EA8A551800DE}.Debug|Any CPU.ActiveCfg = Debug|Any CPU
		{2BC3AEBD-9B0D-42AD-ABDC-EA8A551800DE}.Debug|Any CPU.Build.0 = Debug|Any CPU
		{2BC3AEBD-9B0D-42AD-ABDC-EA8A551800DE}.Release|Any CPU.ActiveCfg = Release|Any CPU
		{2BC3AEBD-9B0D-42AD-ABDC-EA8A551800DE}.Release|Any CPU.Build.0 = Release|Any CPU
		{4BAFE67C-7448-4990-9284-250E7768816C}.Debug|Any CPU.ActiveCfg = Debug|Any CPU
		{4BAFE67C-7448-4990-9284-250E7768816C}.Debug|Any CPU.Build.0 = Debug|Any CPU
		{4BAFE67C-7448-4990-9284-250E7768816C}.Release|Any CPU.ActiveCfg = Release|Any CPU
		{4BAFE67C-7448-4990-9284-250E7768816C}.Release|Any CPU.Build.0 = Release|Any CPU
		{E56A5A04-717A-4F86-9131-CB2DCF140AC6}.Debug|Any CPU.ActiveCfg = Debug|Any CPU
		{E56A5A04-717A-4F86-9131-CB2DCF140AC6}.Debug|Any CPU.Build.0 = Debug|Any CPU
		{E56A5A04-717A-4F86-9131-CB2DCF140AC6}.Release|Any CPU.ActiveCfg = Release|Any CPU
		{E56A5A04-717A-4F86-9131-CB2DCF140AC6}.Release|Any CPU.Build.0 = Release|Any CPU
		{46AB68EB-2169-4331-AA61-6AAF8B0A3265}.Debug|Any CPU.ActiveCfg = Debug|Any CPU
		{46AB68EB-2169-4331-AA61-6AAF8B0A3265}.Debug|Any CPU.Build.0 = Debug|Any CPU
		{46AB68EB-2169-4331-AA61-6AAF8B0A3265}.Release|Any CPU.ActiveCfg = Release|Any CPU
		{46AB68EB-2169-4331-AA61-6AAF8B0A3265}.Release|Any CPU.Build.0 = Release|Any CPU
		{254969BF-FADA-4DEA-B6EC-4B0E222BFFE4}.Debug|Any CPU.ActiveCfg = Debug|Any CPU
		{254969BF-FADA-4DEA-B6EC-4B0E222BFFE4}.Debug|Any CPU.Build.0 = Debug|Any CPU
		{254969BF-FADA-4DEA-B6EC-4B0E222BFFE4}.Release|Any CPU.ActiveCfg = Release|Any CPU
		{254969BF-FADA-4DEA-B6EC-4B0E222BFFE4}.Release|Any CPU.Build.0 = Release|Any CPU
		{1255E3CE-2675-41C1-89B4-877DCB1EBEA0}.Debug|Any CPU.ActiveCfg = Debug|Any CPU
		{1255E3CE-2675-41C1-89B4-877DCB1EBEA0}.Debug|Any CPU.Build.0 = Debug|Any CPU
		{1255E3CE-2675-41C1-89B4-877DCB1EBEA0}.Release|Any CPU.ActiveCfg = Release|Any CPU
		{1255E3CE-2675-41C1-89B4-877DCB1EBEA0}.Release|Any CPU.Build.0 = Release|Any CPU
	EndGlobalSection
	GlobalSection(SolutionProperties) = preSolution
		HideSolutionNode = FALSE
	EndGlobalSection
	GlobalSection(NestedProjects) = preSolution
		{780A7012-0470-4D84-B83D-D79F83DEDA82} = {2048882C-141A-45A3-A641-4962C6BDA6D9}
		{41148D1B-D3BF-4673-B79B-BF96DC5F6A87} = {E30FEF13-DE3F-4F44-AF21-2F292041F7E6}
		{2BC3AEBD-9B0D-42AD-ABDC-EA8A551800DE} = {41148D1B-D3BF-4673-B79B-BF96DC5F6A87}
		{4BAFE67C-7448-4990-9284-250E7768816C} = {41148D1B-D3BF-4673-B79B-BF96DC5F6A87}
		{E56A5A04-717A-4F86-9131-CB2DCF140AC6} = {41148D1B-D3BF-4673-B79B-BF96DC5F6A87}
		{46AB68EB-2169-4331-AA61-6AAF8B0A3265} = {41148D1B-D3BF-4673-B79B-BF96DC5F6A87}
		{254969BF-FADA-4DEA-B6EC-4B0E222BFFE4} = {41148D1B-D3BF-4673-B79B-BF96DC5F6A87}
	EndGlobalSection
	GlobalSection(ExtensibilityGlobals) = postSolution
		SolutionGuid = {40438D96-37C1-4E32-A936-74E5406FDE5B}
	EndGlobalSection
EndGlobal
