
Microsoft Visual Studio Solution File, Format Version 12.00
# Visual Studio Version 17
VisualStudioVersion = 17.5.33516.290
MinimumVisualStudioVersion = 10.0.40219.1
Project("{9A19103F-16F7-4668-BE54-9A1E7A4F7556}") = "Prowl.Runtime", "Prowl.Runtime\Prowl.Runtime.csproj", "{863FF67B-9C3F-4E5E-9353-AD88CD9F77D2}"
EndProject
Project("{2150E333-8FDC-42A3-9474-1A3956D46DE8}") = "External", "External", "{E30FEF13-DE3F-4F44-AF21-2F292041F7E6}"
EndProject
Project("{2150E333-8FDC-42A3-9474-1A3956D46DE8}") = "DotRecast", "DotRecast", "{33029885-0D82-4603-AC99-8426B0DD3C66}"
EndProject
Project("{9A19103F-16F7-4668-BE54-9A1E7A4F7556}") = "DotRecast.Recast", "External\Prowl.DotRecast\src\DotRecast.Recast\DotRecast.Recast.csproj", "{0F99902B-0E16-4A0A-B8F7-1D06C453006B}"
EndProject
Project("{9A19103F-16F7-4668-BE54-9A1E7A4F7556}") = "DotRecast.Recast.Demo", "External\Prowl.DotRecast\src\DotRecast.Recast.Demo\DotRecast.Recast.Demo.csproj", "{5EBFBF1C-4010-4F62-9237-048F94697A00}"
EndProject
Project("{9A19103F-16F7-4668-BE54-9A1E7A4F7556}") = "DotRecast.Recast.Toolset", "External\Prowl.DotRecast\src\DotRecast.Recast.Toolset\DotRecast.Recast.Toolset.csproj", "{EC641CD9-7EE6-4132-98C6-41E56F87C593}"
EndProject
Project("{9A19103F-16F7-4668-BE54-9A1E7A4F7556}") = "DotRecast.Detour.TileCache", "External\Prowl.DotRecast\src\DotRecast.Detour.TileCache\DotRecast.Detour.TileCache.csproj", "{F2491704-7399-42AF-9571-654B47C5B25E}"
EndProject
Project("{9A19103F-16F7-4668-BE54-9A1E7A4F7556}") = "DotRecast.Detour.Extras", "External\Prowl.DotRecast\src\DotRecast.Detour.Extras\DotRecast.Detour.Extras.csproj", "{25042A6A-5CE3-45FA-8BC6-B60485F18733}"
EndProject
Project("{9A19103F-16F7-4668-BE54-9A1E7A4F7556}") = "DotRecast.Detour.Dynamic", "External\Prowl.DotRecast\src\DotRecast.Detour.Dynamic\DotRecast.Detour.Dynamic.csproj", "{43577DB6-8120-4095-A5EF-0DA344F500D9}"
EndProject
Project("{9A19103F-16F7-4668-BE54-9A1E7A4F7556}") = "DotRecast.Detour.Crowd", "External\Prowl.DotRecast\src\DotRecast.Detour.Crowd\DotRecast.Detour.Crowd.csproj", "{92D4DCF2-3B79-4639-BC52-820FBED9EABB}"
EndProject
Project("{9A19103F-16F7-4668-BE54-9A1E7A4F7556}") = "DotRecast.Detour", "External\Prowl.DotRecast\src\DotRecast.Detour\DotRecast.Detour.csproj", "{8D9E7CCC-1BF3-42F9-9D8F-A95A0198C57A}"
EndProject
Project("{9A19103F-16F7-4668-BE54-9A1E7A4F7556}") = "DotRecast.Core", "External\Prowl.DotRecast\src\DotRecast.Core\DotRecast.Core.csproj", "{DD6F9C77-3B7A-4604-89AD-6275C7A4CCE2}"
EndProject
Project("{9A19103F-16F7-4668-BE54-9A1E7A4F7556}") = "Prowl.Runtime.Test", "Prowl.Runtime.Test\Prowl.Runtime.Test.csproj", "{1255E3CE-2675-41C1-89B4-877DCB1EBEA0}"
EndProject
Project("{2150E333-8FDC-42A3-9474-1A3956D46DE8}") = "Samples", "Samples", "{02EA681E-C7D8-13C7-8484-4AC65E1B71E8}"
EndProject
Project("{FAE04EC0-301F-11D3-BF4B-00C04F79EFBC}") = "SimpleCube", "Samples\SimpleCube\SimpleCube.csproj", "{7EE7D3F1-DE8D-4532-A810-A093D423AEAB}"
EndProject
Project("{FAE04EC0-301F-11D3-BF4B-00C04F79EFBC}") = "PhysicsCubes", "Samples\PhysicsCubes\PhysicsCubes.csproj", "{A1B2C3D4-E5F6-7890-ABCD-EF1234567890}"
EndProject
Project("{FAE04EC0-301F-11D3-BF4B-00C04F79EFBC}") = "VoxelEngine", "Samples\VoxelEngine\VoxelEngine.csproj", "{3304BA77-9614-4B96-8EA9-CA2DD401F6ED}"
EndProject
Global
	GlobalSection(SolutionConfigurationPlatforms) = preSolution
		Debug|Any CPU = Debug|Any CPU
		Debug|x64 = Debug|x64
		Debug|x86 = Debug|x86
		Release|Any CPU = Release|Any CPU
		Release|x64 = Release|x64
		Release|x86 = Release|x86
	EndGlobalSection
	GlobalSection(ProjectConfigurationPlatforms) = postSolution
		{863FF67B-9C3F-4E5E-9353-AD88CD9F77D2}.Debug|Any CPU.ActiveCfg = Debug|Any CPU
		{863FF67B-9C3F-4E5E-9353-AD88CD9F77D2}.Debug|Any CPU.Build.0 = Debug|Any CPU
		{863FF67B-9C3F-4E5E-9353-AD88CD9F77D2}.Debug|x64.ActiveCfg = Debug|Any CPU
		{863FF67B-9C3F-4E5E-9353-AD88CD9F77D2}.Debug|x64.Build.0 = Debug|Any CPU
		{863FF67B-9C3F-4E5E-9353-AD88CD9F77D2}.Debug|x86.ActiveCfg = Debug|Any CPU
		{863FF67B-9C3F-4E5E-9353-AD88CD9F77D2}.Debug|x86.Build.0 = Debug|Any CPU
		{863FF67B-9C3F-4E5E-9353-AD88CD9F77D2}.Release|Any CPU.ActiveCfg = Release|Any CPU
		{863FF67B-9C3F-4E5E-9353-AD88CD9F77D2}.Release|Any CPU.Build.0 = Release|Any CPU
		{863FF67B-9C3F-4E5E-9353-AD88CD9F77D2}.Release|x64.ActiveCfg = Release|Any CPU
		{863FF67B-9C3F-4E5E-9353-AD88CD9F77D2}.Release|x64.Build.0 = Release|Any CPU
		{863FF67B-9C3F-4E5E-9353-AD88CD9F77D2}.Release|x86.ActiveCfg = Release|Any CPU
		{863FF67B-9C3F-4E5E-9353-AD88CD9F77D2}.Release|x86.Build.0 = Release|Any CPU
		{0F99902B-0E16-4A0A-B8F7-1D06C453006B}.Debug|Any CPU.ActiveCfg = Debug|Any CPU
		{0F99902B-0E16-4A0A-B8F7-1D06C453006B}.Debug|Any CPU.Build.0 = Debug|Any CPU
		{0F99902B-0E16-4A0A-B8F7-1D06C453006B}.Debug|x64.ActiveCfg = Debug|Any CPU
		{0F99902B-0E16-4A0A-B8F7-1D06C453006B}.Debug|x64.Build.0 = Debug|Any CPU
		{0F99902B-0E16-4A0A-B8F7-1D06C453006B}.Debug|x86.ActiveCfg = Debug|Any CPU
		{0F99902B-0E16-4A0A-B8F7-1D06C453006B}.Debug|x86.Build.0 = Debug|Any CPU
		{0F99902B-0E16-4A0A-B8F7-1D06C453006B}.Release|Any CPU.ActiveCfg = Release|Any CPU
		{0F99902B-0E16-4A0A-B8F7-1D06C453006B}.Release|Any CPU.Build.0 = Release|Any CPU
		{0F99902B-0E16-4A0A-B8F7-1D06C453006B}.Release|x64.ActiveCfg = Release|Any CPU
		{0F99902B-0E16-4A0A-B8F7-1D06C453006B}.Release|x64.Build.0 = Release|Any CPU
		{0F99902B-0E16-4A0A-B8F7-1D06C453006B}.Release|x86.ActiveCfg = Release|Any CPU
		{0F99902B-0E16-4A0A-B8F7-1D06C453006B}.Release|x86.Build.0 = Release|Any CPU
		{5EBFBF1C-4010-4F62-9237-048F94697A00}.Debug|Any CPU.ActiveCfg = Debug|Any CPU
		{5EBFBF1C-4010-4F62-9237-048F94697A00}.Debug|Any CPU.Build.0 = Debug|Any CPU
		{5EBFBF1C-4010-4F62-9237-048F94697A00}.Debug|x64.ActiveCfg = Debug|Any CPU
		{5EBFBF1C-4010-4F62-9237-048F94697A00}.Debug|x64.Build.0 = Debug|Any CPU
		{5EBFBF1C-4010-4F62-9237-048F94697A00}.Debug|x86.ActiveCfg = Debug|Any CPU
		{5EBFBF1C-4010-4F62-9237-048F94697A00}.Debug|x86.Build.0 = Debug|Any CPU
		{5EBFBF1C-4010-4F62-9237-048F94697A00}.Release|Any CPU.ActiveCfg = Release|Any CPU
		{5EBFBF1C-4010-4F62-9237-048F94697A00}.Release|Any CPU.Build.0 = Release|Any CPU
		{5EBFBF1C-4010-4F62-9237-048F94697A00}.Release|x64.ActiveCfg = Release|Any CPU
		{5EBFBF1C-4010-4F62-9237-048F94697A00}.Release|x64.Build.0 = Release|Any CPU
		{5EBFBF1C-4010-4F62-9237-048F94697A00}.Release|x86.ActiveCfg = Release|Any CPU
		{5EBFBF1C-4010-4F62-9237-048F94697A00}.Release|x86.Build.0 = Release|Any CPU
		{EC641CD9-7EE6-4132-98C6-41E56F87C593}.Debug|Any CPU.ActiveCfg = Debug|Any CPU
		{EC641CD9-7EE6-4132-98C6-41E56F87C593}.Debug|Any CPU.Build.0 = Debug|Any CPU
		{EC641CD9-7EE6-4132-98C6-41E56F87C593}.Debug|x64.ActiveCfg = Debug|Any CPU
		{EC641CD9-7EE6-4132-98C6-41E56F87C593}.Debug|x64.Build.0 = Debug|Any CPU
		{EC641CD9-7EE6-4132-98C6-41E56F87C593}.Debug|x86.ActiveCfg = Debug|Any CPU
		{EC641CD9-7EE6-4132-98C6-41E56F87C593}.Debug|x86.Build.0 = Debug|Any CPU
		{EC641CD9-7EE6-4132-98C6-41E56F87C593}.Release|Any CPU.ActiveCfg = Release|Any CPU
		{EC641CD9-7EE6-4132-98C6-41E56F87C593}.Release|Any CPU.Build.0 = Release|Any CPU
		{EC641CD9-7EE6-4132-98C6-41E56F87C593}.Release|x64.ActiveCfg = Release|Any CPU
		{EC641CD9-7EE6-4132-98C6-41E56F87C593}.Release|x64.Build.0 = Release|Any CPU
		{EC641CD9-7EE6-4132-98C6-41E56F87C593}.Release|x86.ActiveCfg = Release|Any CPU
		{EC641CD9-7EE6-4132-98C6-41E56F87C593}.Release|x86.Build.0 = Release|Any CPU
		{F2491704-7399-42AF-9571-654B47C5B25E}.Debug|Any CPU.ActiveCfg = Debug|Any CPU
		{F2491704-7399-42AF-9571-654B47C5B25E}.Debug|Any CPU.Build.0 = Debug|Any CPU
		{F2491704-7399-42AF-9571-654B47C5B25E}.Debug|x64.ActiveCfg = Debug|Any CPU
		{F2491704-7399-42AF-9571-654B47C5B25E}.Debug|x64.Build.0 = Debug|Any CPU
		{F2491704-7399-42AF-9571-654B47C5B25E}.Debug|x86.ActiveCfg = Debug|Any CPU
		{F2491704-7399-42AF-9571-654B47C5B25E}.Debug|x86.Build.0 = Debug|Any CPU
		{F2491704-7399-42AF-9571-654B47C5B25E}.Release|Any CPU.ActiveCfg = Release|Any CPU
		{F2491704-7399-42AF-9571-654B47C5B25E}.Release|Any CPU.Build.0 = Release|Any CPU
		{F2491704-7399-42AF-9571-654B47C5B25E}.Release|x64.ActiveCfg = Release|Any CPU
		{F2491704-7399-42AF-9571-654B47C5B25E}.Release|x64.Build.0 = Release|Any CPU
		{F2491704-7399-42AF-9571-654B47C5B25E}.Release|x86.ActiveCfg = Release|Any CPU
		{F2491704-7399-42AF-9571-654B47C5B25E}.Release|x86.Build.0 = Release|Any CPU
		{25042A6A-5CE3-45FA-8BC6-B60485F18733}.Debug|Any CPU.ActiveCfg = Debug|Any CPU
		{25042A6A-5CE3-45FA-8BC6-B60485F18733}.Debug|Any CPU.Build.0 = Debug|Any CPU
		{25042A6A-5CE3-45FA-8BC6-B60485F18733}.Debug|x64.ActiveCfg = Debug|Any CPU
		{25042A6A-5CE3-45FA-8BC6-B60485F18733}.Debug|x64.Build.0 = Debug|Any CPU
		{25042A6A-5CE3-45FA-8BC6-B60485F18733}.Debug|x86.ActiveCfg = Debug|Any CPU
		{25042A6A-5CE3-45FA-8BC6-B60485F18733}.Debug|x86.Build.0 = Debug|Any CPU
		{25042A6A-5CE3-45FA-8BC6-B60485F18733}.Release|Any CPU.ActiveCfg = Release|Any CPU
		{25042A6A-5CE3-45FA-8BC6-B60485F18733}.Release|Any CPU.Build.0 = Release|Any CPU
		{25042A6A-5CE3-45FA-8BC6-B60485F18733}.Release|x64.ActiveCfg = Release|Any CPU
		{25042A6A-5CE3-45FA-8BC6-B60485F18733}.Release|x64.Build.0 = Release|Any CPU
		{25042A6A-5CE3-45FA-8BC6-B60485F18733}.Release|x86.ActiveCfg = Release|Any CPU
		{25042A6A-5CE3-45FA-8BC6-B60485F18733}.Release|x86.Build.0 = Release|Any CPU
		{43577DB6-8120-4095-A5EF-0DA344F500D9}.Debug|Any CPU.ActiveCfg = Debug|Any CPU
		{43577DB6-8120-4095-A5EF-0DA344F500D9}.Debug|Any CPU.Build.0 = Debug|Any CPU
		{43577DB6-8120-4095-A5EF-0DA344F500D9}.Debug|x64.ActiveCfg = Debug|Any CPU
		{43577DB6-8120-4095-A5EF-0DA344F500D9}.Debug|x64.Build.0 = Debug|Any CPU
		{43577DB6-8120-4095-A5EF-0DA344F500D9}.Debug|x86.ActiveCfg = Debug|Any CPU
		{43577DB6-8120-4095-A5EF-0DA344F500D9}.Debug|x86.Build.0 = Debug|Any CPU
		{43577DB6-8120-4095-A5EF-0DA344F500D9}.Release|Any CPU.ActiveCfg = Release|Any CPU
		{43577DB6-8120-4095-A5EF-0DA344F500D9}.Release|Any CPU.Build.0 = Release|Any CPU
		{43577DB6-8120-4095-A5EF-0DA344F500D9}.Release|x64.ActiveCfg = Release|Any CPU
		{43577DB6-8120-4095-A5EF-0DA344F500D9}.Release|x64.Build.0 = Release|Any CPU
		{43577DB6-8120-4095-A5EF-0DA344F500D9}.Release|x86.ActiveCfg = Release|Any CPU
		{43577DB6-8120-4095-A5EF-0DA344F500D9}.Release|x86.Build.0 = Release|Any CPU
		{92D4DCF2-3B79-4639-BC52-820FBED9EABB}.Debug|Any CPU.ActiveCfg = Debug|Any CPU
		{92D4DCF2-3B79-4639-BC52-820FBED9EABB}.Debug|Any CPU.Build.0 = Debug|Any CPU
		{92D4DCF2-3B79-4639-BC52-820FBED9EABB}.Debug|x64.ActiveCfg = Debug|Any CPU
		{92D4DCF2-3B79-4639-BC52-820FBED9EABB}.Debug|x64.Build.0 = Debug|Any CPU
		{92D4DCF2-3B79-4639-BC52-820FBED9EABB}.Debug|x86.ActiveCfg = Debug|Any CPU
		{92D4DCF2-3B79-4639-BC52-820FBED9EABB}.Debug|x86.Build.0 = Debug|Any CPU
		{92D4DCF2-3B79-4639-BC52-820FBED9EABB}.Release|Any CPU.ActiveCfg = Release|Any CPU
		{92D4DCF2-3B79-4639-BC52-820FBED9EABB}.Release|Any CPU.Build.0 = Release|Any CPU
		{92D4DCF2-3B79-4639-BC52-820FBED9EABB}.Release|x64.ActiveCfg = Release|Any CPU
		{92D4DCF2-3B79-4639-BC52-820FBED9EABB}.Release|x64.Build.0 = Release|Any CPU
		{92D4DCF2-3B79-4639-BC52-820FBED9EABB}.Release|x86.ActiveCfg = Release|Any CPU
		{92D4DCF2-3B79-4639-BC52-820FBED9EABB}.Release|x86.Build.0 = Release|Any CPU
		{8D9E7CCC-1BF3-42F9-9D8F-A95A0198C57A}.Debug|Any CPU.ActiveCfg = Debug|Any CPU
		{8D9E7CCC-1BF3-42F9-9D8F-A95A0198C57A}.Debug|Any CPU.Build.0 = Debug|Any CPU
		{8D9E7CCC-1BF3-42F9-9D8F-A95A0198C57A}.Debug|x64.ActiveCfg = Debug|Any CPU
		{8D9E7CCC-1BF3-42F9-9D8F-A95A0198C57A}.Debug|x64.Build.0 = Debug|Any CPU
		{8D9E7CCC-1BF3-42F9-9D8F-A95A0198C57A}.Debug|x86.ActiveCfg = Debug|Any CPU
		{8D9E7CCC-1BF3-42F9-9D8F-A95A0198C57A}.Debug|x86.Build.0 = Debug|Any CPU
		{8D9E7CCC-1BF3-42F9-9D8F-A95A0198C57A}.Release|Any CPU.ActiveCfg = Release|Any CPU
		{8D9E7CCC-1BF3-42F9-9D8F-A95A0198C57A}.Release|Any CPU.Build.0 = Release|Any CPU
		{8D9E7CCC-1BF3-42F9-9D8F-A95A0198C57A}.Release|x64.ActiveCfg = Release|Any CPU
		{8D9E7CCC-1BF3-42F9-9D8F-A95A0198C57A}.Release|x64.Build.0 = Release|Any CPU
		{8D9E7CCC-1BF3-42F9-9D8F-A95A0198C57A}.Release|x86.ActiveCfg = Release|Any CPU
		{8D9E7CCC-1BF3-42F9-9D8F-A95A0198C57A}.Release|x86.Build.0 = Release|Any CPU
		{DD6F9C77-3B7A-4604-89AD-6275C7A4CCE2}.Debug|Any CPU.ActiveCfg = Debug|Any CPU
		{DD6F9C77-3B7A-4604-89AD-6275C7A4CCE2}.Debug|Any CPU.Build.0 = Debug|Any CPU
		{DD6F9C77-3B7A-4604-89AD-6275C7A4CCE2}.Debug|x64.ActiveCfg = Debug|Any CPU
		{DD6F9C77-3B7A-4604-89AD-6275C7A4CCE2}.Debug|x64.Build.0 = Debug|Any CPU
		{DD6F9C77-3B7A-4604-89AD-6275C7A4CCE2}.Debug|x86.ActiveCfg = Debug|Any CPU
		{DD6F9C77-3B7A-4604-89AD-6275C7A4CCE2}.Debug|x86.Build.0 = Debug|Any CPU
		{DD6F9C77-3B7A-4604-89AD-6275C7A4CCE2}.Release|Any CPU.ActiveCfg = Release|Any CPU
		{DD6F9C77-3B7A-4604-89AD-6275C7A4CCE2}.Release|Any CPU.Build.0 = Release|Any CPU
		{DD6F9C77-3B7A-4604-89AD-6275C7A4CCE2}.Release|x64.ActiveCfg = Release|Any CPU
		{DD6F9C77-3B7A-4604-89AD-6275C7A4CCE2}.Release|x64.Build.0 = Release|Any CPU
		{DD6F9C77-3B7A-4604-89AD-6275C7A4CCE2}.Release|x86.ActiveCfg = Release|Any CPU
		{DD6F9C77-3B7A-4604-89AD-6275C7A4CCE2}.Release|x86.Build.0 = Release|Any CPU
		{1255E3CE-2675-41C1-89B4-877DCB1EBEA0}.Debug|Any CPU.ActiveCfg = Debug|Any CPU
		{1255E3CE-2675-41C1-89B4-877DCB1EBEA0}.Debug|Any CPU.Build.0 = Debug|Any CPU
		{1255E3CE-2675-41C1-89B4-877DCB1EBEA0}.Debug|x64.ActiveCfg = Debug|Any CPU
		{1255E3CE-2675-41C1-89B4-877DCB1EBEA0}.Debug|x64.Build.0 = Debug|Any CPU
		{1255E3CE-2675-41C1-89B4-877DCB1EBEA0}.Debug|x86.ActiveCfg = Debug|Any CPU
		{1255E3CE-2675-41C1-89B4-877DCB1EBEA0}.Debug|x86.Build.0 = Debug|Any CPU
		{1255E3CE-2675-41C1-89B4-877DCB1EBEA0}.Release|Any CPU.ActiveCfg = Release|Any CPU
		{1255E3CE-2675-41C1-89B4-877DCB1EBEA0}.Release|Any CPU.Build.0 = Release|Any CPU
		{1255E3CE-2675-41C1-89B4-877DCB1EBEA0}.Release|x64.ActiveCfg = Release|Any CPU
		{1255E3CE-2675-41C1-89B4-877DCB1EBEA0}.Release|x64.Build.0 = Release|Any CPU
		{1255E3CE-2675-41C1-89B4-877DCB1EBEA0}.Release|x86.ActiveCfg = Release|Any CPU
		{1255E3CE-2675-41C1-89B4-877DCB1EBEA0}.Release|x86.Build.0 = Release|Any CPU
		{7EE7D3F1-DE8D-4532-A810-A093D423AEAB}.Debug|Any CPU.ActiveCfg = Debug|Any CPU
		{7EE7D3F1-DE8D-4532-A810-A093D423AEAB}.Debug|Any CPU.Build.0 = Debug|Any CPU
		{7EE7D3F1-DE8D-4532-A810-A093D423AEAB}.Debug|x64.ActiveCfg = Debug|Any CPU
		{7EE7D3F1-DE8D-4532-A810-A093D423AEAB}.Debug|x64.Build.0 = Debug|Any CPU
		{7EE7D3F1-DE8D-4532-A810-A093D423AEAB}.Debug|x86.ActiveCfg = Debug|Any CPU
		{7EE7D3F1-DE8D-4532-A810-A093D423AEAB}.Debug|x86.Build.0 = Debug|Any CPU
		{7EE7D3F1-DE8D-4532-A810-A093D423AEAB}.Release|Any CPU.ActiveCfg = Release|Any CPU
		{7EE7D3F1-DE8D-4532-A810-A093D423AEAB}.Release|Any CPU.Build.0 = Release|Any CPU
		{7EE7D3F1-DE8D-4532-A810-A093D423AEAB}.Release|x64.ActiveCfg = Release|Any CPU
		{7EE7D3F1-DE8D-4532-A810-A093D423AEAB}.Release|x64.Build.0 = Release|Any CPU
		{7EE7D3F1-DE8D-4532-A810-A093D423AEAB}.Release|x86.ActiveCfg = Release|Any CPU
		{7EE7D3F1-DE8D-4532-A810-A093D423AEAB}.Release|x86.Build.0 = Release|Any CPU
		{A1B2C3D4-E5F6-7890-ABCD-EF1234567890}.Debug|Any CPU.ActiveCfg = Debug|Any CPU
		{A1B2C3D4-E5F6-7890-ABCD-EF1234567890}.Debug|Any CPU.Build.0 = Debug|Any CPU
		{A1B2C3D4-E5F6-7890-ABCD-EF1234567890}.Debug|x64.ActiveCfg = Debug|Any CPU
		{A1B2C3D4-E5F6-7890-ABCD-EF1234567890}.Debug|x64.Build.0 = Debug|Any CPU
		{A1B2C3D4-E5F6-7890-ABCD-EF1234567890}.Debug|x86.ActiveCfg = Debug|Any CPU
		{A1B2C3D4-E5F6-7890-ABCD-EF1234567890}.Debug|x86.Build.0 = Debug|Any CPU
		{A1B2C3D4-E5F6-7890-ABCD-EF1234567890}.Release|Any CPU.ActiveCfg = Release|Any CPU
		{A1B2C3D4-E5F6-7890-ABCD-EF1234567890}.Release|Any CPU.Build.0 = Release|Any CPU
		{A1B2C3D4-E5F6-7890-ABCD-EF1234567890}.Release|x64.ActiveCfg = Release|Any CPU
		{A1B2C3D4-E5F6-7890-ABCD-EF1234567890}.Release|x64.Build.0 = Release|Any CPU
		{A1B2C3D4-E5F6-7890-ABCD-EF1234567890}.Release|x86.ActiveCfg = Release|Any CPU
		{A1B2C3D4-E5F6-7890-ABCD-EF1234567890}.Release|x86.Build.0 = Release|Any CPU
		{3304BA77-9614-4B96-8EA9-CA2DD401F6ED}.Debug|Any CPU.ActiveCfg = Debug|Any CPU
		{3304BA77-9614-4B96-8EA9-CA2DD401F6ED}.Debug|Any CPU.Build.0 = Debug|Any CPU
		{3304BA77-9614-4B96-8EA9-CA2DD401F6ED}.Debug|x64.ActiveCfg = Debug|Any CPU
		{3304BA77-9614-4B96-8EA9-CA2DD401F6ED}.Debug|x64.Build.0 = Debug|Any CPU
		{3304BA77-9614-4B96-8EA9-CA2DD401F6ED}.Debug|x86.ActiveCfg = Debug|Any CPU
		{3304BA77-9614-4B96-8EA9-CA2DD401F6ED}.Debug|x86.Build.0 = Debug|Any CPU
		{3304BA77-9614-4B96-8EA9-CA2DD401F6ED}.Release|Any CPU.ActiveCfg = Release|Any CPU
		{3304BA77-9614-4B96-8EA9-CA2DD401F6ED}.Release|Any CPU.Build.0 = Release|Any CPU
		{3304BA77-9614-4B96-8EA9-CA2DD401F6ED}.Release|x64.ActiveCfg = Release|Any CPU
		{3304BA77-9614-4B96-8EA9-CA2DD401F6ED}.Release|x64.Build.0 = Release|Any CPU
		{3304BA77-9614-4B96-8EA9-CA2DD401F6ED}.Release|x86.ActiveCfg = Release|Any CPU
		{3304BA77-9614-4B96-8EA9-CA2DD401F6ED}.Release|x86.Build.0 = Release|Any CPU
	EndGlobalSection
	GlobalSection(SolutionProperties) = preSolution
		HideSolutionNode = FALSE
	EndGlobalSection
	GlobalSection(NestedProjects) = preSolution
		{33029885-0D82-4603-AC99-8426B0DD3C66} = {E30FEF13-DE3F-4F44-AF21-2F292041F7E6}
		{0F99902B-0E16-4A0A-B8F7-1D06C453006B} = {33029885-0D82-4603-AC99-8426B0DD3C66}
		{5EBFBF1C-4010-4F62-9237-048F94697A00} = {33029885-0D82-4603-AC99-8426B0DD3C66}
		{EC641CD9-7EE6-4132-98C6-41E56F87C593} = {33029885-0D82-4603-AC99-8426B0DD3C66}
		{F2491704-7399-42AF-9571-654B47C5B25E} = {33029885-0D82-4603-AC99-8426B0DD3C66}
		{25042A6A-5CE3-45FA-8BC6-B60485F18733} = {33029885-0D82-4603-AC99-8426B0DD3C66}
		{43577DB6-8120-4095-A5EF-0DA344F500D9} = {33029885-0D82-4603-AC99-8426B0DD3C66}
		{92D4DCF2-3B79-4639-BC52-820FBED9EABB} = {33029885-0D82-4603-AC99-8426B0DD3C66}
		{8D9E7CCC-1BF3-42F9-9D8F-A95A0198C57A} = {33029885-0D82-4603-AC99-8426B0DD3C66}
		{DD6F9C77-3B7A-4604-89AD-6275C7A4CCE2} = {33029885-0D82-4603-AC99-8426B0DD3C66}
		{7EE7D3F1-DE8D-4532-A810-A093D423AEAB} = {02EA681E-C7D8-13C7-8484-4AC65E1B71E8}
		{A1B2C3D4-E5F6-7890-ABCD-EF1234567890} = {02EA681E-C7D8-13C7-8484-4AC65E1B71E8}
		{3304BA77-9614-4B96-8EA9-CA2DD401F6ED} = {02EA681E-C7D8-13C7-8484-4AC65E1B71E8}
	EndGlobalSection
	GlobalSection(ExtensibilityGlobals) = postSolution
		SolutionGuid = {40438D96-37C1-4E32-A936-74E5406FDE5B}
	EndGlobalSection
EndGlobal
